{
  "requires": true,
  "lockfileVersion": 1,
  "dependencies": {
    "miniprogram-datepicker": {
      "version": "0.2.0",
      "resolved": "http://registry.npm.taobao.org/miniprogram-datepicker/download/miniprogram-datepicker-0.2.0.tgz",
      "integrity": "sha1-VHlxVJapo+Pbwwsth1l/ULB8L/8="
    },
    "miniprogram-slide-view": {
      "version": "0.0.3",
      "resolved": "http://registry.npm.taobao.org/miniprogram-slide-view/download/miniprogram-slide-view-0.0.3.tgz",
      "integrity": "sha1-1aiFnVOT1gEkzlQ/ddtjKI+WV3U="
    }
  }
}
